<?xml version="1.0" encoding="utf-8"?>
<Project ToolsVersion="4.0" xmlns="http://schemas.microsoft.com/developer/msbuild/2003">
  <ItemGroup>
    <ClCompile Include="mcviewer.cpp" />
    <ClCompile Include="template\world.cpp">
      <Filter>template</Filter>
    </ClCompile>
    <ClCompile Include="template\template.cpp">
      <Filter>template</Filter>
    </ClCompile>
    <ClCompile Include="lib\enkiMI\enkimi.c">
      <Filter>import</Filter>
    </ClCompile>
    <ClCompile Include="lib\enkiMI\miniz.c">
      <Filter>import</Filter>
    </ClCompile>
  </ItemGroup>
  <ItemGroup>
    <ClInclude Include="mcviewer.h" />
    <ClInclude Include="template\worldapi.h">
      <Filter>template</Filter>
    </ClInclude>
    <ClInclude Include="template\world.h">
      <Filter>template</Filter>
    </ClInclude>
    <ClInclude Include="lib\stb_image.h">
      <Filter>template</Filter>
    </ClInclude>
    <ClInclude Include="template\precomp.h">
      <Filter>template</Filter>
    </ClInclude>
    <ClInclude Include="template\common.h">
      <Filter>template</Filter>
    </ClInclude>
    <ClInclude Include="template\bluenoise.h">
      <Filter>template</Filter>
    </ClInclude>
    <ClInclude Include="lib\enkiMI\enkimi.h">
      <Filter>import</Filter>
    </ClInclude>
    <ClInclude Include="lib\enkiMI\miniz.h">
      <Filter>import</Filter>
    </ClInclude>
  </ItemGroup>
  <ItemGroup>
    <None Include="README.md">
      <Filter>template</Filter>
    </None>
    <None Include="template\LICENSE">
      <Filter>template</Filter>
    </None>
    <None Include="cl\kernels.cl">
      <Filter>template</Filter>
    </None>
  </ItemGroup>
  <ItemGroup>
    <Filter Include="template">
      <UniqueIdentifier>{7d4a2226-acd4-497a-86fc-a807ac77d8d5}</UniqueIdentifier>
    </Filter>
    <Filter Include="import">
      <UniqueIdentifier>{03e49e11-3c4b-43dc-a2d5-7f70c61f9e46}</UniqueIdentifier>
    </Filter>
  </ItemGroup>
</Project>