<?xml version="1.0" encoding="utf-8"?>
<Project ToolsVersion="4.0" xmlns="http://schemas.microsoft.com/developer/msbuild/2003">
  <ItemGroup>
    <ClCompile Include="template\template.cpp">
      <Filter>template</Filter>
    </ClCompile>
    <ClCompile Include="template\world.cpp">
      <Filter>template</Filter>
    </ClCompile>
    <ClCompile Include="mygame.cpp" />
  </ItemGroup>
  <ItemGroup>
    <ClInclude Include="template\bluenoise.h">
      <Filter>template</Filter>
    </ClInclude>
    <ClInclude Include="template\common.h">
      <Filter>template</Filter>
    </ClInclude>
    <ClInclude Include="template\precomp.h">
      <Filter>template</Filter>
    </ClInclude>
    <ClInclude Include="template\world.h">
      <Filter>template</Filter>
    </ClInclude>
    <ClInclude Include="mygame.h" />
    <ClInclude Include="template\worldapi.h">
      <Filter>template</Filter>
    </ClInclude>
  </ItemGroup>
  <ItemGroup>
    <None Include="cl\kernels.cl">
      <Filter>template</Filter>
    </None>
    <None Include="template\LICENSE">
      <Filter>template</Filter>
    </None>
    <None Include="README.md">
      <Filter>template</Filter>
    </None>
  </ItemGroup>
  <ItemGroup>
    <Filter Include="template">
      <UniqueIdentifier>{a7d6e3cb-bfcd-438d-979f-17df241a55b4}</UniqueIdentifier>
    </Filter>
  </ItemGroup>
</Project>